
Microsoft Visual Studio Solution File, Format Version 12.00
# Visual Studio 15
VisualStudioVersion = 15.0.26124.0
MinimumVisualStudioVersion = 15.0.26124.0
Project("{2150E333-8FDC-42A3-9474-1A3956D46DE8}") = "src", "src", "{4A72E928-60DB-43F4-A2D7-808E72697B58}"
EndProject
Project("{FAE04EC0-301F-11D3-BF4B-00C04F79EFBC}") = "presentation", "src\presentation\presentation.csproj", "{9EE93013-1E90-46C1-846E-9B94E01C2C5C}"
EndProject
Project("{FAE04EC0-301F-11D3-BF4B-00C04F79EFBC}") = "data", "src\data\data.csproj", "{69CE1EED-2F0A-4F14-B194-43AADF678DD1}"
EndProject
Project("{FAE04EC0-301F-11D3-BF4B-00C04F79EFBC}") = "business", "src\business\business.csproj", "{426675E6-3D7A-42E8-8C00-0ACF1D9CE58C}"
EndProject
Global
	GlobalSection(SolutionConfigurationPlatforms) = preSolution
		Debug|Any CPU = Debug|Any CPU
		Debug|x64 = Debug|x64
		Debug|x86 = Debug|x86
		Release|Any CPU = Release|Any CPU
		Release|x64 = Release|x64
		Release|x86 = Release|x86
	EndGlobalSection
	GlobalSection(SolutionProperties) = preSolution
		HideSolutionNode = FALSE
	EndGlobalSection
	GlobalSection(ProjectConfigurationPlatforms) = postSolution
		{250E9F79-A688-4C9F-9E95-82AADB69BCD6}.Debug|Any CPU.ActiveCfg = Debug|Any CPU
		{250E9F79-A688-4C9F-9E95-82AADB69BCD6}.Debug|Any CPU.Build.0 = Debug|Any CPU
		{250E9F79-A688-4C9F-9E95-82AADB69BCD6}.Debug|x64.ActiveCfg = Debug|Any CPU
		{250E9F79-A688-4C9F-9E95-82AADB69BCD6}.Debug|x64.Build.0 = Debug|Any CPU
		{250E9F79-A688-4C9F-9E95-82AADB69BCD6}.Debug|x86.ActiveCfg = Debug|Any CPU
		{250E9F79-A688-4C9F-9E95-82AADB69BCD6}.Debug|x86.Build.0 = Debug|Any CPU
		{250E9F79-A688-4C9F-9E95-82AADB69BCD6}.Release|Any CPU.ActiveCfg = Release|Any CPU
		{250E9F79-A688-4C9F-9E95-82AADB69BCD6}.Release|Any CPU.Build.0 = Release|Any CPU
		{250E9F79-A688-4C9F-9E95-82AADB69BCD6}.Release|x64.ActiveCfg = Release|Any CPU
		{250E9F79-A688-4C9F-9E95-82AADB69BCD6}.Release|x64.Build.0 = Release|Any CPU
		{250E9F79-A688-4C9F-9E95-82AADB69BCD6}.Release|x86.ActiveCfg = Release|Any CPU
		{250E9F79-A688-4C9F-9E95-82AADB69BCD6}.Release|x86.Build.0 = Release|Any CPU
		{9EE93013-1E90-46C1-846E-9B94E01C2C5C}.Debug|Any CPU.ActiveCfg = Debug|Any CPU
		{9EE93013-1E90-46C1-846E-9B94E01C2C5C}.Debug|Any CPU.Build.0 = Debug|Any CPU
		{9EE93013-1E90-46C1-846E-9B94E01C2C5C}.Debug|x64.ActiveCfg = Debug|Any CPU
		{9EE93013-1E90-46C1-846E-9B94E01C2C5C}.Debug|x64.Build.0 = Debug|Any CPU
		{9EE93013-1E90-46C1-846E-9B94E01C2C5C}.Debug|x86.ActiveCfg = Debug|Any CPU
		{9EE93013-1E90-46C1-846E-9B94E01C2C5C}.Debug|x86.Build.0 = Debug|Any CPU
		{9EE93013-1E90-46C1-846E-9B94E01C2C5C}.Release|Any CPU.ActiveCfg = Release|Any CPU
		{9EE93013-1E90-46C1-846E-9B94E01C2C5C}.Release|Any CPU.Build.0 = Release|Any CPU
		{9EE93013-1E90-46C1-846E-9B94E01C2C5C}.Release|x64.ActiveCfg = Release|Any CPU
		{9EE93013-1E90-46C1-846E-9B94E01C2C5C}.Release|x64.Build.0 = Release|Any CPU
		{9EE93013-1E90-46C1-846E-9B94E01C2C5C}.Release|x86.ActiveCfg = Release|Any CPU
		{9EE93013-1E90-46C1-846E-9B94E01C2C5C}.Release|x86.Build.0 = Release|Any CPU
		{69CE1EED-2F0A-4F14-B194-43AADF678DD1}.Debug|Any CPU.ActiveCfg = Debug|Any CPU
		{69CE1EED-2F0A-4F14-B194-43AADF678DD1}.Debug|Any CPU.Build.0 = Debug|Any CPU
		{69CE1EED-2F0A-4F14-B194-43AADF678DD1}.Debug|x64.ActiveCfg = Debug|Any CPU
		{69CE1EED-2F0A-4F14-B194-43AADF678DD1}.Debug|x64.Build.0 = Debug|Any CPU
		{69CE1EED-2F0A-4F14-B194-43AADF678DD1}.Debug|x86.ActiveCfg = Debug|Any CPU
		{69CE1EED-2F0A-4F14-B194-43AADF678DD1}.Debug|x86.Build.0 = Debug|Any CPU
		{69CE1EED-2F0A-4F14-B194-43AADF678DD1}.Release|Any CPU.ActiveCfg = Release|Any CPU
		{69CE1EED-2F0A-4F14-B194-43AADF678DD1}.Release|Any CPU.Build.0 = Release|Any CPU
		{69CE1EED-2F0A-4F14-B194-43AADF678DD1}.Release|x64.ActiveCfg = Release|Any CPU
		{69CE1EED-2F0A-4F14-B194-43AADF678DD1}.Release|x64.Build.0 = Release|Any CPU
		{69CE1EED-2F0A-4F14-B194-43AADF678DD1}.Release|x86.ActiveCfg = Release|Any CPU
		{69CE1EED-2F0A-4F14-B194-43AADF678DD1}.Release|x86.Build.0 = Release|Any CPU
		{426675E6-3D7A-42E8-8C00-0ACF1D9CE58C}.Debug|Any CPU.ActiveCfg = Debug|Any CPU
		{426675E6-3D7A-42E8-8C00-0ACF1D9CE58C}.Debug|Any CPU.Build.0 = Debug|Any CPU
		{426675E6-3D7A-42E8-8C00-0ACF1D9CE58C}.Debug|x64.ActiveCfg = Debug|Any CPU
		{426675E6-3D7A-42E8-8C00-0ACF1D9CE58C}.Debug|x64.Build.0 = Debug|Any CPU
		{426675E6-3D7A-42E8-8C00-0ACF1D9CE58C}.Debug|x86.ActiveCfg = Debug|Any CPU
		{426675E6-3D7A-42E8-8C00-0ACF1D9CE58C}.Debug|x86.Build.0 = Debug|Any CPU
		{426675E6-3D7A-42E8-8C00-0ACF1D9CE58C}.Release|Any CPU.ActiveCfg = Release|Any CPU
		{426675E6-3D7A-42E8-8C00-0ACF1D9CE58C}.Release|Any CPU.Build.0 = Release|Any CPU
		{426675E6-3D7A-42E8-8C00-0ACF1D9CE58C}.Release|x64.ActiveCfg = Release|Any CPU
		{426675E6-3D7A-42E8-8C00-0ACF1D9CE58C}.Release|x64.Build.0 = Release|Any CPU
		{426675E6-3D7A-42E8-8C00-0ACF1D9CE58C}.Release|x86.ActiveCfg = Release|Any CPU
		{426675E6-3D7A-42E8-8C00-0ACF1D9CE58C}.Release|x86.Build.0 = Release|Any CPU
		{476EB1CC-F626-448B-9CCF-9ED38B09FFC7}.Debug|Any CPU.ActiveCfg = Debug|Any CPU
		{476EB1CC-F626-448B-9CCF-9ED38B09FFC7}.Debug|Any CPU.Build.0 = Debug|Any CPU
		{476EB1CC-F626-448B-9CCF-9ED38B09FFC7}.Debug|x64.ActiveCfg = Debug|Any CPU
		{476EB1CC-F626-448B-9CCF-9ED38B09FFC7}.Debug|x64.Build.0 = Debug|Any CPU
		{476EB1CC-F626-448B-9CCF-9ED38B09FFC7}.Debug|x86.ActiveCfg = Debug|Any CPU
		{476EB1CC-F626-448B-9CCF-9ED38B09FFC7}.Debug|x86.Build.0 = Debug|Any CPU
		{476EB1CC-F626-448B-9CCF-9ED38B09FFC7}.Release|Any CPU.ActiveCfg = Release|Any CPU
		{476EB1CC-F626-448B-9CCF-9ED38B09FFC7}.Release|Any CPU.Build.0 = Release|Any CPU
		{476EB1CC-F626-448B-9CCF-9ED38B09FFC7}.Release|x64.ActiveCfg = Release|Any CPU
		{476EB1CC-F626-448B-9CCF-9ED38B09FFC7}.Release|x64.Build.0 = Release|Any CPU
		{476EB1CC-F626-448B-9CCF-9ED38B09FFC7}.Release|x86.ActiveCfg = Release|Any CPU
		{476EB1CC-F626-448B-9CCF-9ED38B09FFC7}.Release|x86.Build.0 = Release|Any CPU
	EndGlobalSection
	GlobalSection(NestedProjects) = preSolution
		{250E9F79-A688-4C9F-9E95-82AADB69BCD6} = {4A72E928-60DB-43F4-A2D7-808E72697B58}
		{9EE93013-1E90-46C1-846E-9B94E01C2C5C} = {4A72E928-60DB-43F4-A2D7-808E72697B58}
		{69CE1EED-2F0A-4F14-B194-43AADF678DD1} = {4A72E928-60DB-43F4-A2D7-808E72697B58}
		{426675E6-3D7A-42E8-8C00-0ACF1D9CE58C} = {4A72E928-60DB-43F4-A2D7-808E72697B58}
		{476EB1CC-F626-448B-9CCF-9ED38B09FFC7} = {4A72E928-60DB-43F4-A2D7-808E72697B58}
	EndGlobalSection
EndGlobal
