
Microsoft Visual Studio Solution File, Format Version 12.00
# Visual Studio 15
VisualStudioVersion = 15.0.26124.0
MinimumVisualStudioVersion = 15.0.26124.0
Project("{2150E333-8FDC-42A3-9474-1A3956D46DE8}") = "src", "src", "{D81FBD53-84F7-48B2-851E-D11F912E17F7}"
EndProject
Project("{FAE04EC0-301F-11D3-BF4B-00C04F79EFBC}") = "business", "src\business\business.csproj", "{5DC6B068-F3A3-44D2-808C-167BB5363052}"
EndProject
Project("{FAE04EC0-301F-11D3-BF4B-00C04F79EFBC}") = "data", "src\data\data.csproj", "{FB3AE7C8-FA7F-49D1-8BDA-813FA37ABDB0}"
EndProject
Project("{2150E333-8FDC-42A3-9474-1A3956D46DE8}") = "Lib", "Lib", "{F72D39BF-5012-454C-9A05-9BF15C4364CE}"
EndProject
Project("{FAE04EC0-301F-11D3-BF4B-00C04F79EFBC}") = "Lib.DataTypes", "src\Lib\Lib.DataTypes\Lib.DataTypes.csproj", "{215A5449-BC4F-491A-BD51-C793F19500CD}"
EndProject
Project("{FAE04EC0-301F-11D3-BF4B-00C04F79EFBC}") = "Lib.Entities", "src\Lib\Lib.Entities\Lib.Entities.csproj", "{4522A7A6-8ABB-4295-BC25-2F5DE3FF944D}"
EndProject
Project("{FAE04EC0-301F-11D3-BF4B-00C04F79EFBC}") = "Lib.Exceptions", "src\Lib\Lib.Exceptions\Lib.Exceptions.csproj", "{81E59977-1208-4FBC-8E02-D2C1D90AA753}"
EndProject
Project("{FAE04EC0-301F-11D3-BF4B-00C04F79EFBC}") = "Lib.Extensions", "src\Lib\Lib.Extensions\Lib.Extensions.csproj", "{26BAFF0A-2492-4196-A0A8-AB1C978319C5}"
EndProject
Project("{FAE04EC0-301F-11D3-BF4B-00C04F79EFBC}") = "presentation", "src\presentation\presentation.csproj", "{8D9813C2-3F91-4B88-89E4-B8159470075C}"
EndProject
Global
	GlobalSection(SolutionConfigurationPlatforms) = preSolution
		Debug|Any CPU = Debug|Any CPU
		Debug|x64 = Debug|x64
		Debug|x86 = Debug|x86
		Release|Any CPU = Release|Any CPU
		Release|x64 = Release|x64
		Release|x86 = Release|x86
	EndGlobalSection
	GlobalSection(SolutionProperties) = preSolution
		HideSolutionNode = FALSE
	EndGlobalSection
	GlobalSection(ProjectConfigurationPlatforms) = postSolution
		{5DC6B068-F3A3-44D2-808C-167BB5363052}.Debug|Any CPU.ActiveCfg = Debug|Any CPU
		{5DC6B068-F3A3-44D2-808C-167BB5363052}.Debug|Any CPU.Build.0 = Debug|Any CPU
		{5DC6B068-F3A3-44D2-808C-167BB5363052}.Debug|x64.ActiveCfg = Debug|Any CPU
		{5DC6B068-F3A3-44D2-808C-167BB5363052}.Debug|x64.Build.0 = Debug|Any CPU
		{5DC6B068-F3A3-44D2-808C-167BB5363052}.Debug|x86.ActiveCfg = Debug|Any CPU
		{5DC6B068-F3A3-44D2-808C-167BB5363052}.Debug|x86.Build.0 = Debug|Any CPU
		{5DC6B068-F3A3-44D2-808C-167BB5363052}.Release|Any CPU.ActiveCfg = Release|Any CPU
		{5DC6B068-F3A3-44D2-808C-167BB5363052}.Release|Any CPU.Build.0 = Release|Any CPU
		{5DC6B068-F3A3-44D2-808C-167BB5363052}.Release|x64.ActiveCfg = Release|Any CPU
		{5DC6B068-F3A3-44D2-808C-167BB5363052}.Release|x64.Build.0 = Release|Any CPU
		{5DC6B068-F3A3-44D2-808C-167BB5363052}.Release|x86.ActiveCfg = Release|Any CPU
		{5DC6B068-F3A3-44D2-808C-167BB5363052}.Release|x86.Build.0 = Release|Any CPU
		{FB3AE7C8-FA7F-49D1-8BDA-813FA37ABDB0}.Debug|Any CPU.ActiveCfg = Debug|Any CPU
		{FB3AE7C8-FA7F-49D1-8BDA-813FA37ABDB0}.Debug|Any CPU.Build.0 = Debug|Any CPU
		{FB3AE7C8-FA7F-49D1-8BDA-813FA37ABDB0}.Debug|x64.ActiveCfg = Debug|Any CPU
		{FB3AE7C8-FA7F-49D1-8BDA-813FA37ABDB0}.Debug|x64.Build.0 = Debug|Any CPU
		{FB3AE7C8-FA7F-49D1-8BDA-813FA37ABDB0}.Debug|x86.ActiveCfg = Debug|Any CPU
		{FB3AE7C8-FA7F-49D1-8BDA-813FA37ABDB0}.Debug|x86.Build.0 = Debug|Any CPU
		{FB3AE7C8-FA7F-49D1-8BDA-813FA37ABDB0}.Release|Any CPU.ActiveCfg = Release|Any CPU
		{FB3AE7C8-FA7F-49D1-8BDA-813FA37ABDB0}.Release|Any CPU.Build.0 = Release|Any CPU
		{FB3AE7C8-FA7F-49D1-8BDA-813FA37ABDB0}.Release|x64.ActiveCfg = Release|Any CPU
		{FB3AE7C8-FA7F-49D1-8BDA-813FA37ABDB0}.Release|x64.Build.0 = Release|Any CPU
		{FB3AE7C8-FA7F-49D1-8BDA-813FA37ABDB0}.Release|x86.ActiveCfg = Release|Any CPU
		{FB3AE7C8-FA7F-49D1-8BDA-813FA37ABDB0}.Release|x86.Build.0 = Release|Any CPU
		{215A5449-BC4F-491A-BD51-C793F19500CD}.Debug|Any CPU.ActiveCfg = Debug|Any CPU
		{215A5449-BC4F-491A-BD51-C793F19500CD}.Debug|Any CPU.Build.0 = Debug|Any CPU
		{215A5449-BC4F-491A-BD51-C793F19500CD}.Debug|x64.ActiveCfg = Debug|Any CPU
		{215A5449-BC4F-491A-BD51-C793F19500CD}.Debug|x64.Build.0 = Debug|Any CPU
		{215A5449-BC4F-491A-BD51-C793F19500CD}.Debug|x86.ActiveCfg = Debug|Any CPU
		{215A5449-BC4F-491A-BD51-C793F19500CD}.Debug|x86.Build.0 = Debug|Any CPU
		{215A5449-BC4F-491A-BD51-C793F19500CD}.Release|Any CPU.ActiveCfg = Release|Any CPU
		{215A5449-BC4F-491A-BD51-C793F19500CD}.Release|Any CPU.Build.0 = Release|Any CPU
		{215A5449-BC4F-491A-BD51-C793F19500CD}.Release|x64.ActiveCfg = Release|Any CPU
		{215A5449-BC4F-491A-BD51-C793F19500CD}.Release|x64.Build.0 = Release|Any CPU
		{215A5449-BC4F-491A-BD51-C793F19500CD}.Release|x86.ActiveCfg = Release|Any CPU
		{215A5449-BC4F-491A-BD51-C793F19500CD}.Release|x86.Build.0 = Release|Any CPU
		{4522A7A6-8ABB-4295-BC25-2F5DE3FF944D}.Debug|Any CPU.ActiveCfg = Debug|Any CPU
		{4522A7A6-8ABB-4295-BC25-2F5DE3FF944D}.Debug|Any CPU.Build.0 = Debug|Any CPU
		{4522A7A6-8ABB-4295-BC25-2F5DE3FF944D}.Debug|x64.ActiveCfg = Debug|Any CPU
		{4522A7A6-8ABB-4295-BC25-2F5DE3FF944D}.Debug|x64.Build.0 = Debug|Any CPU
		{4522A7A6-8ABB-4295-BC25-2F5DE3FF944D}.Debug|x86.ActiveCfg = Debug|Any CPU
		{4522A7A6-8ABB-4295-BC25-2F5DE3FF944D}.Debug|x86.Build.0 = Debug|Any CPU
		{4522A7A6-8ABB-4295-BC25-2F5DE3FF944D}.Release|Any CPU.ActiveCfg = Release|Any CPU
		{4522A7A6-8ABB-4295-BC25-2F5DE3FF944D}.Release|Any CPU.Build.0 = Release|Any CPU
		{4522A7A6-8ABB-4295-BC25-2F5DE3FF944D}.Release|x64.ActiveCfg = Release|Any CPU
		{4522A7A6-8ABB-4295-BC25-2F5DE3FF944D}.Release|x64.Build.0 = Release|Any CPU
		{4522A7A6-8ABB-4295-BC25-2F5DE3FF944D}.Release|x86.ActiveCfg = Release|Any CPU
		{4522A7A6-8ABB-4295-BC25-2F5DE3FF944D}.Release|x86.Build.0 = Release|Any CPU
		{81E59977-1208-4FBC-8E02-D2C1D90AA753}.Debug|Any CPU.ActiveCfg = Debug|Any CPU
		{81E59977-1208-4FBC-8E02-D2C1D90AA753}.Debug|Any CPU.Build.0 = Debug|Any CPU
		{81E59977-1208-4FBC-8E02-D2C1D90AA753}.Debug|x64.ActiveCfg = Debug|Any CPU
		{81E59977-1208-4FBC-8E02-D2C1D90AA753}.Debug|x64.Build.0 = Debug|Any CPU
		{81E59977-1208-4FBC-8E02-D2C1D90AA753}.Debug|x86.ActiveCfg = Debug|Any CPU
		{81E59977-1208-4FBC-8E02-D2C1D90AA753}.Debug|x86.Build.0 = Debug|Any CPU
		{81E59977-1208-4FBC-8E02-D2C1D90AA753}.Release|Any CPU.ActiveCfg = Release|Any CPU
		{81E59977-1208-4FBC-8E02-D2C1D90AA753}.Release|Any CPU.Build.0 = Release|Any CPU
		{81E59977-1208-4FBC-8E02-D2C1D90AA753}.Release|x64.ActiveCfg = Release|Any CPU
		{81E59977-1208-4FBC-8E02-D2C1D90AA753}.Release|x64.Build.0 = Release|Any CPU
		{81E59977-1208-4FBC-8E02-D2C1D90AA753}.Release|x86.ActiveCfg = Release|Any CPU
		{81E59977-1208-4FBC-8E02-D2C1D90AA753}.Release|x86.Build.0 = Release|Any CPU
		{26BAFF0A-2492-4196-A0A8-AB1C978319C5}.Debug|Any CPU.ActiveCfg = Debug|Any CPU
		{26BAFF0A-2492-4196-A0A8-AB1C978319C5}.Debug|Any CPU.Build.0 = Debug|Any CPU
		{26BAFF0A-2492-4196-A0A8-AB1C978319C5}.Debug|x64.ActiveCfg = Debug|Any CPU
		{26BAFF0A-2492-4196-A0A8-AB1C978319C5}.Debug|x64.Build.0 = Debug|Any CPU
		{26BAFF0A-2492-4196-A0A8-AB1C978319C5}.Debug|x86.ActiveCfg = Debug|Any CPU
		{26BAFF0A-2492-4196-A0A8-AB1C978319C5}.Debug|x86.Build.0 = Debug|Any CPU
		{26BAFF0A-2492-4196-A0A8-AB1C978319C5}.Release|Any CPU.ActiveCfg = Release|Any CPU
		{26BAFF0A-2492-4196-A0A8-AB1C978319C5}.Release|Any CPU.Build.0 = Release|Any CPU
		{26BAFF0A-2492-4196-A0A8-AB1C978319C5}.Release|x64.ActiveCfg = Release|Any CPU
		{26BAFF0A-2492-4196-A0A8-AB1C978319C5}.Release|x64.Build.0 = Release|Any CPU
		{26BAFF0A-2492-4196-A0A8-AB1C978319C5}.Release|x86.ActiveCfg = Release|Any CPU
		{26BAFF0A-2492-4196-A0A8-AB1C978319C5}.Release|x86.Build.0 = Release|Any CPU
		{8D9813C2-3F91-4B88-89E4-B8159470075C}.Debug|Any CPU.ActiveCfg = Debug|Any CPU
		{8D9813C2-3F91-4B88-89E4-B8159470075C}.Debug|Any CPU.Build.0 = Debug|Any CPU
		{8D9813C2-3F91-4B88-89E4-B8159470075C}.Debug|x64.ActiveCfg = Debug|Any CPU
		{8D9813C2-3F91-4B88-89E4-B8159470075C}.Debug|x64.Build.0 = Debug|Any CPU
		{8D9813C2-3F91-4B88-89E4-B8159470075C}.Debug|x86.ActiveCfg = Debug|Any CPU
		{8D9813C2-3F91-4B88-89E4-B8159470075C}.Debug|x86.Build.0 = Debug|Any CPU
		{8D9813C2-3F91-4B88-89E4-B8159470075C}.Release|Any CPU.ActiveCfg = Release|Any CPU
		{8D9813C2-3F91-4B88-89E4-B8159470075C}.Release|Any CPU.Build.0 = Release|Any CPU
		{8D9813C2-3F91-4B88-89E4-B8159470075C}.Release|x64.ActiveCfg = Release|Any CPU
		{8D9813C2-3F91-4B88-89E4-B8159470075C}.Release|x64.Build.0 = Release|Any CPU
		{8D9813C2-3F91-4B88-89E4-B8159470075C}.Release|x86.ActiveCfg = Release|Any CPU
		{8D9813C2-3F91-4B88-89E4-B8159470075C}.Release|x86.Build.0 = Release|Any CPU
	EndGlobalSection
	GlobalSection(NestedProjects) = preSolution
		{5DC6B068-F3A3-44D2-808C-167BB5363052} = {D81FBD53-84F7-48B2-851E-D11F912E17F7}
		{FB3AE7C8-FA7F-49D1-8BDA-813FA37ABDB0} = {D81FBD53-84F7-48B2-851E-D11F912E17F7}
		{F72D39BF-5012-454C-9A05-9BF15C4364CE} = {D81FBD53-84F7-48B2-851E-D11F912E17F7}
		{215A5449-BC4F-491A-BD51-C793F19500CD} = {F72D39BF-5012-454C-9A05-9BF15C4364CE}
		{4522A7A6-8ABB-4295-BC25-2F5DE3FF944D} = {F72D39BF-5012-454C-9A05-9BF15C4364CE}
		{81E59977-1208-4FBC-8E02-D2C1D90AA753} = {F72D39BF-5012-454C-9A05-9BF15C4364CE}
		{26BAFF0A-2492-4196-A0A8-AB1C978319C5} = {F72D39BF-5012-454C-9A05-9BF15C4364CE}
		{8D9813C2-3F91-4B88-89E4-B8159470075C} = {D81FBD53-84F7-48B2-851E-D11F912E17F7}
	EndGlobalSection
EndGlobal
