
Microsoft Visual Studio Solution File, Format Version 12.00
# Visual Studio 15
VisualStudioVersion = 15.0.26124.0
MinimumVisualStudioVersion = 15.0.26124.0
Project("{2150E333-8FDC-42A3-9474-1A3956D46DE8}") = "src", "src", "{5DAFF845-9952-461E-AE06-25486044A2DA}"
EndProject
Project("{FAE04EC0-301F-11D3-BF4B-00C04F79EFBC}") = "data", "src\data\data.csproj", "{0003715A-C788-4E05-966A-3390479DBEFF}"
EndProject
Project("{FAE04EC0-301F-11D3-BF4B-00C04F79EFBC}") = "business", "src\business\business.csproj", "{2264528D-C8B4-4FD5-98A4-6A649218B25D}"
EndProject
Project("{FAE04EC0-301F-11D3-BF4B-00C04F79EFBC}") = "lib", "src\lib\lib.csproj", "{DD79F6C1-8A6E-4A30-B4E1-BDCBFB3E7426}"
EndProject
Project("{FAE04EC0-301F-11D3-BF4B-00C04F79EFBC}") = "presentation", "src\presentation\presentation.csproj", "{A76147A8-872F-4CAC-A560-6DB4B8132BB2}"
EndProject
Global
	GlobalSection(SolutionConfigurationPlatforms) = preSolution
		Debug|Any CPU = Debug|Any CPU
		Debug|x64 = Debug|x64
		Debug|x86 = Debug|x86
		Release|Any CPU = Release|Any CPU
		Release|x64 = Release|x64
		Release|x86 = Release|x86
	EndGlobalSection
	GlobalSection(SolutionProperties) = preSolution
		HideSolutionNode = FALSE
	EndGlobalSection
	GlobalSection(ProjectConfigurationPlatforms) = postSolution
		{0003715A-C788-4E05-966A-3390479DBEFF}.Debug|Any CPU.ActiveCfg = Debug|Any CPU
		{0003715A-C788-4E05-966A-3390479DBEFF}.Debug|Any CPU.Build.0 = Debug|Any CPU
		{0003715A-C788-4E05-966A-3390479DBEFF}.Debug|x64.ActiveCfg = Debug|Any CPU
		{0003715A-C788-4E05-966A-3390479DBEFF}.Debug|x64.Build.0 = Debug|Any CPU
		{0003715A-C788-4E05-966A-3390479DBEFF}.Debug|x86.ActiveCfg = Debug|Any CPU
		{0003715A-C788-4E05-966A-3390479DBEFF}.Debug|x86.Build.0 = Debug|Any CPU
		{0003715A-C788-4E05-966A-3390479DBEFF}.Release|Any CPU.ActiveCfg = Release|Any CPU
		{0003715A-C788-4E05-966A-3390479DBEFF}.Release|Any CPU.Build.0 = Release|Any CPU
		{0003715A-C788-4E05-966A-3390479DBEFF}.Release|x64.ActiveCfg = Release|Any CPU
		{0003715A-C788-4E05-966A-3390479DBEFF}.Release|x64.Build.0 = Release|Any CPU
		{0003715A-C788-4E05-966A-3390479DBEFF}.Release|x86.ActiveCfg = Release|Any CPU
		{0003715A-C788-4E05-966A-3390479DBEFF}.Release|x86.Build.0 = Release|Any CPU
		{2264528D-C8B4-4FD5-98A4-6A649218B25D}.Debug|Any CPU.ActiveCfg = Debug|Any CPU
		{2264528D-C8B4-4FD5-98A4-6A649218B25D}.Debug|Any CPU.Build.0 = Debug|Any CPU
		{2264528D-C8B4-4FD5-98A4-6A649218B25D}.Debug|x64.ActiveCfg = Debug|Any CPU
		{2264528D-C8B4-4FD5-98A4-6A649218B25D}.Debug|x64.Build.0 = Debug|Any CPU
		{2264528D-C8B4-4FD5-98A4-6A649218B25D}.Debug|x86.ActiveCfg = Debug|Any CPU
		{2264528D-C8B4-4FD5-98A4-6A649218B25D}.Debug|x86.Build.0 = Debug|Any CPU
		{2264528D-C8B4-4FD5-98A4-6A649218B25D}.Release|Any CPU.ActiveCfg = Release|Any CPU
		{2264528D-C8B4-4FD5-98A4-6A649218B25D}.Release|Any CPU.Build.0 = Release|Any CPU
		{2264528D-C8B4-4FD5-98A4-6A649218B25D}.Release|x64.ActiveCfg = Release|Any CPU
		{2264528D-C8B4-4FD5-98A4-6A649218B25D}.Release|x64.Build.0 = Release|Any CPU
		{2264528D-C8B4-4FD5-98A4-6A649218B25D}.Release|x86.ActiveCfg = Release|Any CPU
		{2264528D-C8B4-4FD5-98A4-6A649218B25D}.Release|x86.Build.0 = Release|Any CPU
		{DD79F6C1-8A6E-4A30-B4E1-BDCBFB3E7426}.Debug|Any CPU.ActiveCfg = Debug|Any CPU
		{DD79F6C1-8A6E-4A30-B4E1-BDCBFB3E7426}.Debug|Any CPU.Build.0 = Debug|Any CPU
		{DD79F6C1-8A6E-4A30-B4E1-BDCBFB3E7426}.Debug|x64.ActiveCfg = Debug|Any CPU
		{DD79F6C1-8A6E-4A30-B4E1-BDCBFB3E7426}.Debug|x64.Build.0 = Debug|Any CPU
		{DD79F6C1-8A6E-4A30-B4E1-BDCBFB3E7426}.Debug|x86.ActiveCfg = Debug|Any CPU
		{DD79F6C1-8A6E-4A30-B4E1-BDCBFB3E7426}.Debug|x86.Build.0 = Debug|Any CPU
		{DD79F6C1-8A6E-4A30-B4E1-BDCBFB3E7426}.Release|Any CPU.ActiveCfg = Release|Any CPU
		{DD79F6C1-8A6E-4A30-B4E1-BDCBFB3E7426}.Release|Any CPU.Build.0 = Release|Any CPU
		{DD79F6C1-8A6E-4A30-B4E1-BDCBFB3E7426}.Release|x64.ActiveCfg = Release|Any CPU
		{DD79F6C1-8A6E-4A30-B4E1-BDCBFB3E7426}.Release|x64.Build.0 = Release|Any CPU
		{DD79F6C1-8A6E-4A30-B4E1-BDCBFB3E7426}.Release|x86.ActiveCfg = Release|Any CPU
		{DD79F6C1-8A6E-4A30-B4E1-BDCBFB3E7426}.Release|x86.Build.0 = Release|Any CPU
		{A76147A8-872F-4CAC-A560-6DB4B8132BB2}.Debug|Any CPU.ActiveCfg = Debug|Any CPU
		{A76147A8-872F-4CAC-A560-6DB4B8132BB2}.Debug|Any CPU.Build.0 = Debug|Any CPU
		{A76147A8-872F-4CAC-A560-6DB4B8132BB2}.Debug|x64.ActiveCfg = Debug|Any CPU
		{A76147A8-872F-4CAC-A560-6DB4B8132BB2}.Debug|x64.Build.0 = Debug|Any CPU
		{A76147A8-872F-4CAC-A560-6DB4B8132BB2}.Debug|x86.ActiveCfg = Debug|Any CPU
		{A76147A8-872F-4CAC-A560-6DB4B8132BB2}.Debug|x86.Build.0 = Debug|Any CPU
		{A76147A8-872F-4CAC-A560-6DB4B8132BB2}.Release|Any CPU.ActiveCfg = Release|Any CPU
		{A76147A8-872F-4CAC-A560-6DB4B8132BB2}.Release|Any CPU.Build.0 = Release|Any CPU
		{A76147A8-872F-4CAC-A560-6DB4B8132BB2}.Release|x64.ActiveCfg = Release|Any CPU
		{A76147A8-872F-4CAC-A560-6DB4B8132BB2}.Release|x64.Build.0 = Release|Any CPU
		{A76147A8-872F-4CAC-A560-6DB4B8132BB2}.Release|x86.ActiveCfg = Release|Any CPU
		{A76147A8-872F-4CAC-A560-6DB4B8132BB2}.Release|x86.Build.0 = Release|Any CPU
	EndGlobalSection
	GlobalSection(NestedProjects) = preSolution
		{0003715A-C788-4E05-966A-3390479DBEFF} = {5DAFF845-9952-461E-AE06-25486044A2DA}
		{2264528D-C8B4-4FD5-98A4-6A649218B25D} = {5DAFF845-9952-461E-AE06-25486044A2DA}
		{DD79F6C1-8A6E-4A30-B4E1-BDCBFB3E7426} = {5DAFF845-9952-461E-AE06-25486044A2DA}
		{A76147A8-872F-4CAC-A560-6DB4B8132BB2} = {5DAFF845-9952-461E-AE06-25486044A2DA}
	EndGlobalSection
EndGlobal
